
Microsoft Visual Studio Solution File, Format Version 12.00
Project("{FAE04EC0-301F-11D3-BF4B-00C04F79EFBC}") = "ETFApi.WebApi", "ETFApi.WebApi\ETFApi.WebApi.csproj", "{F8C3F469-68D0-4E64-B516-AE6234C5FC90}"
EndProject
Project("{FAE04EC0-301F-11D3-BF4B-00C04F79EFBC}") = "ETFApi.Data", "ETFApi.Data\ETFApi.Data.csproj", "{A8B136E8-377E-4F44-9C0C-D6118BB1C52F}"
EndProject
Project("{FAE04EC0-301F-11D3-BF4B-00C04F79EFBC}") = "ETFApi.Domain", "ETFApi.Domain\ETFApi.Domain.csproj", "{10406891-EC30-4DFC-9276-52436B25E270}"
EndProject
Project("{FAE04EC0-301F-11D3-BF4B-00C04F79EFBC}") = "ETFApi.PdfParsers", "ETFApi.PdfParsers\ETFApi.PdfParsers.csproj", "{A19B3034-2A38-4D63-AC7C-13F478369290}"
EndProject
Global
	GlobalSection(SolutionConfigurationPlatforms) = preSolution
		Debug|Any CPU = Debug|Any CPU
		Release|Any CPU = Release|Any CPU
	EndGlobalSection
	GlobalSection(ProjectConfigurationPlatforms) = postSolution
		{F8C3F469-68D0-4E64-B516-AE6234C5FC90}.Debug|Any CPU.ActiveCfg = Debug|Any CPU
		{F8C3F469-68D0-4E64-B516-AE6234C5FC90}.Debug|Any CPU.Build.0 = Debug|Any CPU
		{F8C3F469-68D0-4E64-B516-AE6234C5FC90}.Release|Any CPU.ActiveCfg = Release|Any CPU
		{F8C3F469-68D0-4E64-B516-AE6234C5FC90}.Release|Any CPU.Build.0 = Release|Any CPU
		{A8B136E8-377E-4F44-9C0C-D6118BB1C52F}.Debug|Any CPU.ActiveCfg = Debug|Any CPU
		{A8B136E8-377E-4F44-9C0C-D6118BB1C52F}.Debug|Any CPU.Build.0 = Debug|Any CPU
		{A8B136E8-377E-4F44-9C0C-D6118BB1C52F}.Release|Any CPU.ActiveCfg = Release|Any CPU
		{A8B136E8-377E-4F44-9C0C-D6118BB1C52F}.Release|Any CPU.Build.0 = Release|Any CPU
		{10406891-EC30-4DFC-9276-52436B25E270}.Debug|Any CPU.ActiveCfg = Debug|Any CPU
		{10406891-EC30-4DFC-9276-52436B25E270}.Debug|Any CPU.Build.0 = Debug|Any CPU
		{10406891-EC30-4DFC-9276-52436B25E270}.Release|Any CPU.ActiveCfg = Release|Any CPU
		{10406891-EC30-4DFC-9276-52436B25E270}.Release|Any CPU.Build.0 = Release|Any CPU
		{A19B3034-2A38-4D63-AC7C-13F478369290}.Debug|Any CPU.ActiveCfg = Debug|Any CPU
		{A19B3034-2A38-4D63-AC7C-13F478369290}.Debug|Any CPU.Build.0 = Debug|Any CPU
		{A19B3034-2A38-4D63-AC7C-13F478369290}.Release|Any CPU.ActiveCfg = Release|Any CPU
		{A19B3034-2A38-4D63-AC7C-13F478369290}.Release|Any CPU.Build.0 = Release|Any CPU
	EndGlobalSection
EndGlobal
